
Microsoft Visual Studio Solution File, Format Version 12.00
# Visual Studio Version 17
VisualStudioVersion = 17.0.31903.59
MinimumVisualStudioVersion = 10.0.40219.1
Project("{FAE04EC0-301F-11D3-BF4B-00C04F79EFBC}") = "GradebookApp", "GradebookApp\GradebookApp.csproj", "{8D313240-7342-4D29-9CDC-E69A1033C4AD}"
EndProject
Project("{FAE04EC0-301F-11D3-BF4B-00C04F79EFBC}") = "Gradebook.Tests", "Gradebook.Tests\Gradebook.Tests.csproj", "{453B3B9D-D20F-4AA6-AE4F-BB716913849C}"
EndProject
Global
	GlobalSection(SolutionConfigurationPlatforms) = preSolution
		Debug|Any CPU = Debug|Any CPU
		Debug|x64 = Debug|x64
		Debug|x86 = Debug|x86
		Release|Any CPU = Release|Any CPU
		Release|x64 = Release|x64
		Release|x86 = Release|x86
	EndGlobalSection
	GlobalSection(ProjectConfigurationPlatforms) = postSolution
		{8D313240-7342-4D29-9CDC-E69A1033C4AD}.Debug|Any CPU.ActiveCfg = Debug|Any CPU
		{8D313240-7342-4D29-9CDC-E69A1033C4AD}.Debug|Any CPU.Build.0 = Debug|Any CPU
		{8D313240-7342-4D29-9CDC-E69A1033C4AD}.Debug|x64.ActiveCfg = Debug|Any CPU
		{8D313240-7342-4D29-9CDC-E69A1033C4AD}.Debug|x64.Build.0 = Debug|Any CPU
		{8D313240-7342-4D29-9CDC-E69A1033C4AD}.Debug|x86.ActiveCfg = Debug|Any CPU
		{8D313240-7342-4D29-9CDC-E69A1033C4AD}.Debug|x86.Build.0 = Debug|Any CPU
		{8D313240-7342-4D29-9CDC-E69A1033C4AD}.Release|Any CPU.ActiveCfg = Release|Any CPU
		{8D313240-7342-4D29-9CDC-E69A1033C4AD}.Release|Any CPU.Build.0 = Release|Any CPU
		{8D313240-7342-4D29-9CDC-E69A1033C4AD}.Release|x64.ActiveCfg = Release|Any CPU
		{8D313240-7342-4D29-9CDC-E69A1033C4AD}.Release|x64.Build.0 = Release|Any CPU
		{8D313240-7342-4D29-9CDC-E69A1033C4AD}.Release|x86.ActiveCfg = Release|Any CPU
		{8D313240-7342-4D29-9CDC-E69A1033C4AD}.Release|x86.Build.0 = Release|Any CPU
		{453B3B9D-D20F-4AA6-AE4F-BB716913849C}.Debug|Any CPU.ActiveCfg = Debug|Any CPU
		{453B3B9D-D20F-4AA6-AE4F-BB716913849C}.Debug|Any CPU.Build.0 = Debug|Any CPU
		{453B3B9D-D20F-4AA6-AE4F-BB716913849C}.Debug|x64.ActiveCfg = Debug|Any CPU
		{453B3B9D-D20F-4AA6-AE4F-BB716913849C}.Debug|x64.Build.0 = Debug|Any CPU
		{453B3B9D-D20F-4AA6-AE4F-BB716913849C}.Debug|x86.ActiveCfg = Debug|Any CPU
		{453B3B9D-D20F-4AA6-AE4F-BB716913849C}.Debug|x86.Build.0 = Debug|Any CPU
		{453B3B9D-D20F-4AA6-AE4F-BB716913849C}.Release|Any CPU.ActiveCfg = Release|Any CPU
		{453B3B9D-D20F-4AA6-AE4F-BB716913849C}.Release|Any CPU.Build.0 = Release|Any CPU
		{453B3B9D-D20F-4AA6-AE4F-BB716913849C}.Release|x64.ActiveCfg = Release|Any CPU
		{453B3B9D-D20F-4AA6-AE4F-BB716913849C}.Release|x64.Build.0 = Release|Any CPU
		{453B3B9D-D20F-4AA6-AE4F-BB716913849C}.Release|x86.ActiveCfg = Release|Any CPU
		{453B3B9D-D20F-4AA6-AE4F-BB716913849C}.Release|x86.Build.0 = Release|Any CPU
	EndGlobalSection
	GlobalSection(SolutionProperties) = preSolution
		HideSolutionNode = FALSE
	EndGlobalSection
EndGlobal
